
Microsoft Visual Studio Solution File, Format Version 12.00
# Visual Studio 2012
Project("{8BC9CEB8-8B4A-11D0-8D11-00A0C91BC942}") = "Morpe", "Morpe\Morpe.vcxproj", "{B491D849-225D-4DBF-B05B-8D6BAD0BA715}"
EndProject
Project("{FAE04EC0-301F-11D3-BF4B-00C04F79EFBC}") = "ConsoleApp", "ConsoleApp\ConsoleApp.csproj", "{77EDAD90-3F49-4CB3-92F9-0C8F2A693B62}"
EndProject
Global
	GlobalSection(SolutionConfigurationPlatforms) = preSolution
		Debug|Any CPU = Debug|Any CPU
		Debug|Mixed Platforms = Debug|Mixed Platforms
		Debug|Win32 = Debug|Win32
		Release|Any CPU = Release|Any CPU
		Release|Mixed Platforms = Release|Mixed Platforms
		Release|Win32 = Release|Win32
	EndGlobalSection
	GlobalSection(ProjectConfigurationPlatforms) = postSolution
		{B491D849-225D-4DBF-B05B-8D6BAD0BA715}.Debug|Any CPU.ActiveCfg = Debug|Win32
		{B491D849-225D-4DBF-B05B-8D6BAD0BA715}.Debug|Mixed Platforms.ActiveCfg = Debug|Win32
		{B491D849-225D-4DBF-B05B-8D6BAD0BA715}.Debug|Mixed Platforms.Build.0 = Debug|Win32
		{B491D849-225D-4DBF-B05B-8D6BAD0BA715}.Debug|Win32.ActiveCfg = Debug|Win32
		{B491D849-225D-4DBF-B05B-8D6BAD0BA715}.Debug|Win32.Build.0 = Debug|Win32
		{B491D849-225D-4DBF-B05B-8D6BAD0BA715}.Release|Any CPU.ActiveCfg = Release|Win32
		{B491D849-225D-4DBF-B05B-8D6BAD0BA715}.Release|Mixed Platforms.ActiveCfg = Release|Win32
		{B491D849-225D-4DBF-B05B-8D6BAD0BA715}.Release|Mixed Platforms.Build.0 = Release|Win32
		{B491D849-225D-4DBF-B05B-8D6BAD0BA715}.Release|Win32.ActiveCfg = Release|Win32
		{B491D849-225D-4DBF-B05B-8D6BAD0BA715}.Release|Win32.Build.0 = Release|Win32
		{77EDAD90-3F49-4CB3-92F9-0C8F2A693B62}.Debug|Any CPU.ActiveCfg = Debug|Any CPU
		{77EDAD90-3F49-4CB3-92F9-0C8F2A693B62}.Debug|Any CPU.Build.0 = Debug|Any CPU
		{77EDAD90-3F49-4CB3-92F9-0C8F2A693B62}.Debug|Mixed Platforms.ActiveCfg = Debug|Any CPU
		{77EDAD90-3F49-4CB3-92F9-0C8F2A693B62}.Debug|Mixed Platforms.Build.0 = Debug|Any CPU
		{77EDAD90-3F49-4CB3-92F9-0C8F2A693B62}.Debug|Win32.ActiveCfg = Debug|Any CPU
		{77EDAD90-3F49-4CB3-92F9-0C8F2A693B62}.Release|Any CPU.ActiveCfg = Release|Any CPU
		{77EDAD90-3F49-4CB3-92F9-0C8F2A693B62}.Release|Any CPU.Build.0 = Release|Any CPU
		{77EDAD90-3F49-4CB3-92F9-0C8F2A693B62}.Release|Mixed Platforms.ActiveCfg = Release|Any CPU
		{77EDAD90-3F49-4CB3-92F9-0C8F2A693B62}.Release|Mixed Platforms.Build.0 = Release|Any CPU
		{77EDAD90-3F49-4CB3-92F9-0C8F2A693B62}.Release|Win32.ActiveCfg = Release|Any CPU
	EndGlobalSection
	GlobalSection(SolutionProperties) = preSolution
		HideSolutionNode = FALSE
	EndGlobalSection
EndGlobal
